{
  "requires": true,
  "lockfileVersion": 1,
  "dependencies": {
    "btoa-atob": {
      "version": "0.1.2",
      "resolved": "https://registry.npmmirror.com/btoa-atob/-/btoa-atob-0.1.2.tgz",
      "integrity": "sha512-P5vxeWDuZq7MIrk0NeqzmzQg25A/TtnpahiT/JNtB0VSrJW+C7KwvTnCwXKA/3+Cmrcb8bfUxJSttguy8pWFdg=="
    },
    "crypto-js": {
      "version": "4.1.1",
      "resolved": "https://registry.npmmirror.com/crypto-js/-/crypto-js-4.1.1.tgz",
      "integrity": "sha512-o2JlM7ydqd3Qk9CA0L4NL6mTzU2sdx96a+oOfPu8Mkl/PK51vSyoi8/rQ8NknZtk44vq15lmhAj9CIAGwgeWKw=="
    }
  }
}
